// !$*UTF8*$!
{
	archiveVersion = 1;
	classes = {
	};
	objectVersion = 52;
	objects = {

/* Begin PBXBuildFile section */
		135E0B2F234DD9190069A7D2 /* ApiError.swift in Sources */ = {isa = PBXBuildFile; fileRef = 135E0B24234DD9190069A7D2 /* ApiError.swift */; };
		135E0B30234DD9190069A7D2 /* Message.swift in Sources */ = {isa = PBXBuildFile; fileRef = 135E0B25234DD9190069A7D2 /* Message.swift */; };
		135E0B31234DD9190069A7D2 /* Image.swift in Sources */ = {isa = PBXBuildFile; fileRef = 135E0B26234DD9190069A7D2 /* Image.swift */; };
		135E0B32234DD9190069A7D2 /* User.swift in Sources */ = {isa = PBXBuildFile; fileRef = 135E0B27234DD9190069A7D2 /* User.swift */; };
		135E0B33234DD9190069A7D2 /* PaginatedApiObject.swift in Sources */ = {isa = PBXBuildFile; fileRef = 135E0B28234DD9190069A7D2 /* PaginatedApiObject.swift */; };
		135E0B34234DD9190069A7D2 /* Audio.swift in Sources */ = {isa = PBXBuildFile; fileRef = 135E0B29234DD9190069A7D2 /* Audio.swift */; };
		135E0B35234DD9190069A7D2 /* TokenApiObject.swift in Sources */ = {isa = PBXBuildFile; fileRef = 135E0B2A234DD9190069A7D2 /* TokenApiObject.swift */; };
		135E0B36234DD9190069A7D2 /* UserData.swift in Sources */ = {isa = PBXBuildFile; fileRef = 135E0B2C234DD9190069A7D2 /* UserData.swift */; };
		135E0B37234DD9190069A7D2 /* ApiCaller.swift in Sources */ = {isa = PBXBuildFile; fileRef = 135E0B2D234DD9190069A7D2 /* ApiCaller.swift */; };
		135E0B38234DD9190069A7D2 /* ApiObjectsServices.swift in Sources */ = {isa = PBXBuildFile; fileRef = 135E0B2E234DD9190069A7D2 /* ApiObjectsServices.swift */; };
		135E0B3A234DD9520069A7D2 /* UIViewControllerExt.swift in Sources */ = {isa = PBXBuildFile; fileRef = 135E0B39234DD9520069A7D2 /* UIViewControllerExt.swift */; };
		135E0B3D234DDCCA0069A7D2 /* Alamofire in Frameworks */ = {isa = PBXBuildFile; productRef = 135E0B3C234DDCCA0069A7D2 /* Alamofire */; };
		135E0B3F234E01740069A7D2 /* SettingsViewController.swift in Sources */ = {isa = PBXBuildFile; fileRef = 135E0B3E234E01740069A7D2 /* SettingsViewController.swift */; };
		135E0B41234E03C70069A7D2 /* ChangeUserInfoViewController.swift in Sources */ = {isa = PBXBuildFile; fileRef = 135E0B40234E03C70069A7D2 /* ChangeUserInfoViewController.swift */; };
		135E0B45234E1EEB0069A7D2 /* MessageTableViewCell.swift in Sources */ = {isa = PBXBuildFile; fileRef = 135E0B44234E1EEB0069A7D2 /* MessageTableViewCell.swift */; };
		135E0B47234E1FB90069A7D2 /* MessagesViewController.swift in Sources */ = {isa = PBXBuildFile; fileRef = 135E0B46234E1FB90069A7D2 /* MessagesViewController.swift */; };
		13EF1193234DD4B400663B27 /* AppDelegate.swift in Sources */ = {isa = PBXBuildFile; fileRef = 13EF1192234DD4B400663B27 /* AppDelegate.swift */; };
		13EF1195234DD4B400663B27 /* SceneDelegate.swift in Sources */ = {isa = PBXBuildFile; fileRef = 13EF1194234DD4B400663B27 /* SceneDelegate.swift */; };
		13EF1197234DD4B400663B27 /* LogInViewController.swift in Sources */ = {isa = PBXBuildFile; fileRef = 13EF1196234DD4B400663B27 /* LogInViewController.swift */; };
		13EF119A234DD4B400663B27 /* Main.storyboard in Resources */ = {isa = PBXBuildFile; fileRef = 13EF1198234DD4B400663B27 /* Main.storyboard */; };
		13EF119C234DD4B700663B27 /* Assets.xcassets in Resources */ = {isa = PBXBuildFile; fileRef = 13EF119B234DD4B700663B27 /* Assets.xcassets */; };
		13EF119F234DD4B700663B27 /* LaunchScreen.storyboard in Resources */ = {isa = PBXBuildFile; fileRef = 13EF119D234DD4B700663B27 /* LaunchScreen.storyboard */; };
/* End PBXBuildFile section */

/* Begin PBXFileReference section */
		135E0B24234DD9190069A7D2 /* ApiError.swift */ = {isa = PBXFileReference; fileEncoding = 4; lastKnownFileType = sourcecode.swift; path = ApiError.swift; sourceTree = "<group>"; };
		135E0B25234DD9190069A7D2 /* Message.swift */ = {isa = PBXFileReference; fileEncoding = 4; lastKnownFileType = sourcecode.swift; path = Message.swift; sourceTree = "<group>"; };
		135E0B26234DD9190069A7D2 /* Image.swift */ = {isa = PBXFileReference; fileEncoding = 4; lastKnownFileType = sourcecode.swift; path = Image.swift; sourceTree = "<group>"; };
		135E0B27234DD9190069A7D2 /* User.swift */ = {isa = PBXFileReference; fileEncoding = 4; lastKnownFileType = sourcecode.swift; path = User.swift; sourceTree = "<group>"; };
		135E0B28234DD9190069A7D2 /* PaginatedApiObject.swift */ = {isa = PBXFileReference; fileEncoding = 4; lastKnownFileType = sourcecode.swift; path = PaginatedApiObject.swift; sourceTree = "<group>"; };
		135E0B29234DD9190069A7D2 /* Audio.swift */ = {isa = PBXFileReference; fileEncoding = 4; lastKnownFileType = sourcecode.swift; path = Audio.swift; sourceTree = "<group>"; };
		135E0B2A234DD9190069A7D2 /* TokenApiObject.swift */ = {isa = PBXFileReference; fileEncoding = 4; lastKnownFileType = sourcecode.swift; path = TokenApiObject.swift; sourceTree = "<group>"; };
		135E0B2C234DD9190069A7D2 /* UserData.swift */ = {isa = PBXFileReference; fileEncoding = 4; lastKnownFileType = sourcecode.swift; path = UserData.swift; sourceTree = "<group>"; };
		135E0B2D234DD9190069A7D2 /* ApiCaller.swift */ = {isa = PBXFileReference; fileEncoding = 4; lastKnownFileType = sourcecode.swift; path = ApiCaller.swift; sourceTree = "<group>"; };
		135E0B2E234DD9190069A7D2 /* ApiObjectsServices.swift */ = {isa = PBXFileReference; fileEncoding = 4; lastKnownFileType = sourcecode.swift; path = ApiObjectsServices.swift; sourceTree = "<group>"; };
		135E0B39234DD9520069A7D2 /* UIViewControllerExt.swift */ = {isa = PBXFileReference; lastKnownFileType = sourcecode.swift; path = UIViewControllerExt.swift; sourceTree = "<group>"; };
		135E0B3E234E01740069A7D2 /* SettingsViewController.swift */ = {isa = PBXFileReference; lastKnownFileType = sourcecode.swift; path = SettingsViewController.swift; sourceTree = "<group>"; };
		135E0B40234E03C70069A7D2 /* ChangeUserInfoViewController.swift */ = {isa = PBXFileReference; lastKnownFileType = sourcecode.swift; path = ChangeUserInfoViewController.swift; sourceTree = "<group>"; };
		135E0B44234E1EEB0069A7D2 /* MessageTableViewCell.swift */ = {isa = PBXFileReference; lastKnownFileType = sourcecode.swift; path = MessageTableViewCell.swift; sourceTree = "<group>"; };
		135E0B46234E1FB90069A7D2 /* MessagesViewController.swift */ = {isa = PBXFileReference; lastKnownFileType = sourcecode.swift; path = MessagesViewController.swift; sourceTree = "<group>"; };
		13EF118F234DD4B400663B27 /* Un_RSOI_3.app */ = {isa = PBXFileReference; explicitFileType = wrapper.application; includeInIndex = 0; path = Un_RSOI_3.app; sourceTree = BUILT_PRODUCTS_DIR; };
		13EF1192234DD4B400663B27 /* AppDelegate.swift */ = {isa = PBXFileReference; lastKnownFileType = sourcecode.swift; path = AppDelegate.swift; sourceTree = "<group>"; };
		13EF1194234DD4B400663B27 /* SceneDelegate.swift */ = {isa = PBXFileReference; lastKnownFileType = sourcecode.swift; path = SceneDelegate.swift; sourceTree = "<group>"; };
		13EF1196234DD4B400663B27 /* LogInViewController.swift */ = {isa = PBXFileReference; lastKnownFileType = sourcecode.swift; path = LogInViewController.swift; sourceTree = "<group>"; };
		13EF1199234DD4B400663B27 /* Base */ = {isa = PBXFileReference; lastKnownFileType = file.storyboard; name = Base; path = Base.lproj/Main.storyboard; sourceTree = "<group>"; };
		13EF119B234DD4B700663B27 /* Assets.xcassets */ = {isa = PBXFileReference; lastKnownFileType = folder.assetcatalog; path = Assets.xcassets; sourceTree = "<group>"; };
		13EF119E234DD4B700663B27 /* Base */ = {isa = PBXFileReference; lastKnownFileType = file.storyboard; name = Base; path = Base.lproj/LaunchScreen.storyboard; sourceTree = "<group>"; };
		13EF11A0234DD4B700663B27 /* Info.plist */ = {isa = PBXFileReference; lastKnownFileType = text.plist.xml; path = Info.plist; sourceTree = "<group>"; };
/* End PBXFileReference section */

/* Begin PBXFrameworksBuildPhase section */
		13EF118C234DD4B400663B27 /* Frameworks */ = {
			isa = PBXFrameworksBuildPhase;
			buildActionMask = 2147483647;
			files = (
				135E0B3D234DDCCA0069A7D2 /* Alamofire in Frameworks */,
			);
			runOnlyForDeploymentPostprocessing = 0;
		};
/* End PBXFrameworksBuildPhase section */

/* Begin PBXGroup section */
		135E0B22234DD5A90069A7D2 /* VCs */ = {
			isa = PBXGroup;
			children = (
				135E0B39234DD9520069A7D2 /* UIViewControllerExt.swift */,
				13EF1196234DD4B400663B27 /* LogInViewController.swift */,
				135E0B3E234E01740069A7D2 /* SettingsViewController.swift */,
				135E0B40234E03C70069A7D2 /* ChangeUserInfoViewController.swift */,
				135E0B46234E1FB90069A7D2 /* MessagesViewController.swift */,
			);
			path = VCs;
			sourceTree = "<group>";
		};
		135E0B23234DD9190069A7D2 /* Models */ = {
			isa = PBXGroup;
			children = (
				135E0B24234DD9190069A7D2 /* ApiError.swift */,
				135E0B25234DD9190069A7D2 /* Message.swift */,
				135E0B26234DD9190069A7D2 /* Image.swift */,
				135E0B27234DD9190069A7D2 /* User.swift */,
				135E0B28234DD9190069A7D2 /* PaginatedApiObject.swift */,
				135E0B29234DD9190069A7D2 /* Audio.swift */,
				135E0B2A234DD9190069A7D2 /* TokenApiObject.swift */,
			);
			path = Models;
			sourceTree = "<group>";
		};
		135E0B2B234DD9190069A7D2 /* Services */ = {
			isa = PBXGroup;
			children = (
				135E0B2C234DD9190069A7D2 /* UserData.swift */,
				135E0B2D234DD9190069A7D2 /* ApiCaller.swift */,
				135E0B2E234DD9190069A7D2 /* ApiObjectsServices.swift */,
			);
			path = Services;
			sourceTree = "<group>";
		};
		135E0B42234E1EC70069A7D2 /* Views */ = {
			isa = PBXGroup;
			children = (
				135E0B43234E1ED40069A7D2 /* Cells */,
			);
			path = Views;
			sourceTree = "<group>";
		};
		135E0B43234E1ED40069A7D2 /* Cells */ = {
			isa = PBXGroup;
			children = (
				135E0B44234E1EEB0069A7D2 /* MessageTableViewCell.swift */,
			);
			path = Cells;
			sourceTree = "<group>";
		};
		13EF1186234DD4B400663B27 = {
			isa = PBXGroup;
			children = (
				13EF1191234DD4B400663B27 /* Un_RSOI_3 */,
				13EF1190234DD4B400663B27 /* Products */,
			);
			sourceTree = "<group>";
		};
		13EF1190234DD4B400663B27 /* Products */ = {
			isa = PBXGroup;
			children = (
				13EF118F234DD4B400663B27 /* Un_RSOI_3.app */,
			);
			name = Products;
			sourceTree = "<group>";
		};
		13EF1191234DD4B400663B27 /* Un_RSOI_3 */ = {
			isa = PBXGroup;
			children = (
				135E0B23234DD9190069A7D2 /* Models */,
				135E0B2B234DD9190069A7D2 /* Services */,
				135E0B42234E1EC70069A7D2 /* Views */,
				135E0B22234DD5A90069A7D2 /* VCs */,
				13EF1198234DD4B400663B27 /* Main.storyboard */,
				13EF1192234DD4B400663B27 /* AppDelegate.swift */,
				13EF1194234DD4B400663B27 /* SceneDelegate.swift */,
				13EF119B234DD4B700663B27 /* Assets.xcassets */,
				13EF119D234DD4B700663B27 /* LaunchScreen.storyboard */,
				13EF11A0234DD4B700663B27 /* Info.plist */,
			);
			path = Un_RSOI_3;
			sourceTree = "<group>";
		};
/* End PBXGroup section */

/* Begin PBXNativeTarget section */
		13EF118E234DD4B400663B27 /* Un_RSOI_3 */ = {
			isa = PBXNativeTarget;
			buildConfigurationList = 13EF11A3234DD4B700663B27 /* Build configuration list for PBXNativeTarget "Un_RSOI_3" */;
			buildPhases = (
				13EF118B234DD4B400663B27 /* Sources */,
				13EF118C234DD4B400663B27 /* Frameworks */,
				13EF118D234DD4B400663B27 /* Resources */,
			);
			buildRules = (
			);
			dependencies = (
			);
			name = Un_RSOI_3;
			packageProductDependencies = (
				135E0B3C234DDCCA0069A7D2 /* Alamofire */,
			);
			productName = Un_RSOI_3;
			productReference = 13EF118F234DD4B400663B27 /* Un_RSOI_3.app */;
			productType = "com.apple.product-type.application";
		};
/* End PBXNativeTarget section */

/* Begin PBXProject section */
		13EF1187234DD4B400663B27 /* Project object */ = {
			isa = PBXProject;
			attributes = {
				LastSwiftUpdateCheck = 1100;
				LastUpgradeCheck = 1100;
				ORGANIZATIONNAME = gordiig;
				TargetAttributes = {
					13EF118E234DD4B400663B27 = {
						CreatedOnToolsVersion = 11.0;
					};
				};
			};
			buildConfigurationList = 13EF118A234DD4B400663B27 /* Build configuration list for PBXProject "Un_RSOI_3" */;
			compatibilityVersion = "Xcode 9.3";
			developmentRegion = en;
			hasScannedForEncodings = 0;
			knownRegions = (
				en,
				Base,
			);
			mainGroup = 13EF1186234DD4B400663B27;
			packageReferences = (
				135E0B3B234DDCCA0069A7D2 /* XCRemoteSwiftPackageReference "Alamofire" */,
			);
			productRefGroup = 13EF1190234DD4B400663B27 /* Products */;
			projectDirPath = "";
			projectRoot = "";
			targets = (
				13EF118E234DD4B400663B27 /* Un_RSOI_3 */,
			);
		};
/* End PBXProject section */

/* Begin PBXResourcesBuildPhase section */
		13EF118D234DD4B400663B27 /* Resources */ = {
			isa = PBXResourcesBuildPhase;
			buildActionMask = 2147483647;
			files = (
				13EF119F234DD4B700663B27 /* LaunchScreen.storyboard in Resources */,
				13EF119C234DD4B700663B27 /* Assets.xcassets in Resources */,
				13EF119A234DD4B400663B27 /* Main.storyboard in Resources */,
			);
			runOnlyForDeploymentPostprocessing = 0;
		};
/* End PBXResourcesBuildPhase section */

/* Begin PBXSourcesBuildPhase section */
		13EF118B234DD4B400663B27 /* Sources */ = {
			isa = PBXSourcesBuildPhase;
			buildActionMask = 2147483647;
			files = (
				135E0B38234DD9190069A7D2 /* ApiObjectsServices.swift in Sources */,
				135E0B41234E03C70069A7D2 /* ChangeUserInfoViewController.swift in Sources */,
				135E0B34234DD9190069A7D2 /* Audio.swift in Sources */,
				135E0B45234E1EEB0069A7D2 /* MessageTableViewCell.swift in Sources */,
				13EF1197234DD4B400663B27 /* LogInViewController.swift in Sources */,
				135E0B33234DD9190069A7D2 /* PaginatedApiObject.swift in Sources */,
				135E0B35234DD9190069A7D2 /* TokenApiObject.swift in Sources */,
				135E0B31234DD9190069A7D2 /* Image.swift in Sources */,
				135E0B36234DD9190069A7D2 /* UserData.swift in Sources */,
				135E0B2F234DD9190069A7D2 /* ApiError.swift in Sources */,
				135E0B3F234E01740069A7D2 /* SettingsViewController.swift in Sources */,
				135E0B37234DD9190069A7D2 /* ApiCaller.swift in Sources */,
				135E0B47234E1FB90069A7D2 /* MessagesViewController.swift in Sources */,
				135E0B30234DD9190069A7D2 /* Message.swift in Sources */,
				13EF1193234DD4B400663B27 /* AppDelegate.swift in Sources */,
				13EF1195234DD4B400663B27 /* SceneDelegate.swift in Sources */,
				135E0B3A234DD9520069A7D2 /* UIViewControllerExt.swift in Sources */,
				135E0B32234DD9190069A7D2 /* User.swift in Sources */,
			);
			runOnlyForDeploymentPostprocessing = 0;
		};
/* End PBXSourcesBuildPhase section */

/* Begin PBXVariantGroup section */
		13EF1198234DD4B400663B27 /* Main.storyboard */ = {
			isa = PBXVariantGroup;
			children = (
				13EF1199234DD4B400663B27 /* Base */,
			);
			name = Main.storyboard;
			sourceTree = "<group>";
		};
		13EF119D234DD4B700663B27 /* LaunchScreen.storyboard */ = {
			isa = PBXVariantGroup;
			children = (
				13EF119E234DD4B700663B27 /* Base */,
			);
			name = LaunchScreen.storyboard;
			sourceTree = "<group>";
		};
/* End PBXVariantGroup section */

/* Begin XCBuildConfiguration section */
		13EF11A1234DD4B700663B27 /* Debug */ = {
			isa = XCBuildConfiguration;
			buildSettings = {
				ALWAYS_SEARCH_USER_PATHS = NO;
				CLANG_ANALYZER_NONNULL = YES;
				CLANG_ANALYZER_NUMBER_OBJECT_CONVERSION = YES_AGGRESSIVE;
				CLANG_CXX_LANGUAGE_STANDARD = "gnu++14";
				CLANG_CXX_LIBRARY = "libc++";
				CLANG_ENABLE_MODULES = YES;
				CLANG_ENABLE_OBJC_ARC = YES;
				CLANG_ENABLE_OBJC_WEAK = YES;
				CLANG_WARN_BLOCK_CAPTURE_AUTORELEASING = YES;
				CLANG_WARN_BOOL_CONVERSION = YES;
				CLANG_WARN_COMMA = YES;
				CLANG_WARN_CONSTANT_CONVERSION = YES;
				CLANG_WARN_DEPRECATED_OBJC_IMPLEMENTATIONS = YES;
				CLANG_WARN_DIRECT_OBJC_ISA_USAGE = YES_ERROR;
				CLANG_WARN_DOCUMENTATION_COMMENTS = YES;
				CLANG_WARN_EMPTY_BODY = YES;
				CLANG_WARN_ENUM_CONVERSION = YES;
				CLANG_WARN_INFINITE_RECURSION = YES;
				CLANG_WARN_INT_CONVERSION = YES;
				CLANG_WARN_NON_LITERAL_NULL_CONVERSION = YES;
				CLANG_WARN_OBJC_IMPLICIT_RETAIN_SELF = YES;
				CLANG_WARN_OBJC_LITERAL_CONVERSION = YES;
				CLANG_WARN_OBJC_ROOT_CLASS = YES_ERROR;
				CLANG_WARN_RANGE_LOOP_ANALYSIS = YES;
				CLANG_WARN_STRICT_PROTOTYPES = YES;
				CLANG_WARN_SUSPICIOUS_MOVE = YES;
				CLANG_WARN_UNGUARDED_AVAILABILITY = YES_AGGRESSIVE;
				CLANG_WARN_UNREACHABLE_CODE = YES;
				CLANG_WARN__DUPLICATE_METHOD_MATCH = YES;
				COPY_PHASE_STRIP = NO;
				DEBUG_INFORMATION_FORMAT = dwarf;
				ENABLE_STRICT_OBJC_MSGSEND = YES;
				ENABLE_TESTABILITY = YES;
				GCC_C_LANGUAGE_STANDARD = gnu11;
				GCC_DYNAMIC_NO_PIC = NO;
				GCC_NO_COMMON_BLOCKS = YES;
				GCC_OPTIMIZATION_LEVEL = 0;
				GCC_PREPROCESSOR_DEFINITIONS = (
					"DEBUG=1",
					"$(inherited)",
				);
				GCC_WARN_64_TO_32_BIT_CONVERSION = YES;
				GCC_WARN_ABOUT_RETURN_TYPE = YES_ERROR;
				GCC_WARN_UNDECLARED_SELECTOR = YES;
				GCC_WARN_UNINITIALIZED_AUTOS = YES_AGGRESSIVE;
				GCC_WARN_UNUSED_FUNCTION = YES;
				GCC_WARN_UNUSED_VARIABLE = YES;
				IPHONEOS_DEPLOYMENT_TARGET = 13.0;
				MTL_ENABLE_DEBUG_INFO = INCLUDE_SOURCE;
				MTL_FAST_MATH = YES;
				ONLY_ACTIVE_ARCH = YES;
				SDKROOT = iphoneos;
				SWIFT_ACTIVE_COMPILATION_CONDITIONS = DEBUG;
				SWIFT_OPTIMIZATION_LEVEL = "-Onone";
			};
			name = Debug;
		};
		13EF11A2234DD4B700663B27 /* Release */ = {
			isa = XCBuildConfiguration;
			buildSettings = {
				ALWAYS_SEARCH_USER_PATHS = NO;
				CLANG_ANALYZER_NONNULL = YES;
				CLANG_ANALYZER_NUMBER_OBJECT_CONVERSION = YES_AGGRESSIVE;
				CLANG_CXX_LANGUAGE_STANDARD = "gnu++14";
				CLANG_CXX_LIBRARY = "libc++";
				CLANG_ENABLE_MODULES = YES;
				CLANG_ENABLE_OBJC_ARC = YES;
				CLANG_ENABLE_OBJC_WEAK = YES;
				CLANG_WARN_BLOCK_CAPTURE_AUTORELEASING = YES;
				CLANG_WARN_BOOL_CONVERSION = YES;
				CLANG_WARN_COMMA = YES;
				CLANG_WARN_CONSTANT_CONVERSION = YES;
				CLANG_WARN_DEPRECATED_OBJC_IMPLEMENTATIONS = YES;
				CLANG_WARN_DIRECT_OBJC_ISA_USAGE = YES_ERROR;
				CLANG_WARN_DOCUMENTATION_COMMENTS = YES;
				CLANG_WARN_EMPTY_BODY = YES;
				CLANG_WARN_ENUM_CONVERSION = YES;
				CLANG_WARN_INFINITE_RECURSION = YES;
				CLANG_WARN_INT_CONVERSION = YES;
				CLANG_WARN_NON_LITERAL_NULL_CONVERSION = YES;
				CLANG_WARN_OBJC_IMPLICIT_RETAIN_SELF = YES;
				CLANG_WARN_OBJC_LITERAL_CONVERSION = YES;
				CLANG_WARN_OBJC_ROOT_CLASS = YES_ERROR;
				CLANG_WARN_RANGE_LOOP_ANALYSIS = YES;
				CLANG_WARN_STRICT_PROTOTYPES = YES;
				CLANG_WARN_SUSPICIOUS_MOVE = YES;
				CLANG_WARN_UNGUARDED_AVAILABILITY = YES_AGGRESSIVE;
				CLANG_WARN_UNREACHABLE_CODE = YES;
				CLANG_WARN__DUPLICATE_METHOD_MATCH = YES;
				COPY_PHASE_STRIP = NO;
				DEBUG_INFORMATION_FORMAT = "dwarf-with-dsym";
				ENABLE_NS_ASSERTIONS = NO;
				ENABLE_STRICT_OBJC_MSGSEND = YES;
				GCC_C_LANGUAGE_STANDARD = gnu11;
				GCC_NO_COMMON_BLOCKS = YES;
				GCC_WARN_64_TO_32_BIT_CONVERSION = YES;
				GCC_WARN_ABOUT_RETURN_TYPE = YES_ERROR;
				GCC_WARN_UNDECLARED_SELECTOR = YES;
				GCC_WARN_UNINITIALIZED_AUTOS = YES_AGGRESSIVE;
				GCC_WARN_UNUSED_FUNCTION = YES;
				GCC_WARN_UNUSED_VARIABLE = YES;
				IPHONEOS_DEPLOYMENT_TARGET = 13.0;
				MTL_ENABLE_DEBUG_INFO = NO;
				MTL_FAST_MATH = YES;
				SDKROOT = iphoneos;
				SWIFT_COMPILATION_MODE = wholemodule;
				SWIFT_OPTIMIZATION_LEVEL = "-O";
				VALIDATE_PRODUCT = YES;
			};
			name = Release;
		};
		13EF11A4234DD4B700663B27 /* Debug */ = {
			isa = XCBuildConfiguration;
			buildSettings = {
				ASSETCATALOG_COMPILER_APPICON_NAME = AppIcon;
				CODE_SIGN_STYLE = Automatic;
				DEVELOPMENT_TEAM = JY87QHRL3J;
				INFOPLIST_FILE = Un_RSOI_3/Info.plist;
				LD_RUNPATH_SEARCH_PATHS = (
					"$(inherited)",
					"@executable_path/Frameworks",
				);
				PRODUCT_BUNDLE_IDENTIFIER = "gordiig.Un-RSOI-3";
				PRODUCT_NAME = "$(TARGET_NAME)";
				SWIFT_VERSION = 5.0;
				TARGETED_DEVICE_FAMILY = "1,2";
			};
			name = Debug;
		};
		13EF11A5234DD4B700663B27 /* Release */ = {
			isa = XCBuildConfiguration;
			buildSettings = {
				ASSETCATALOG_COMPILER_APPICON_NAME = AppIcon;
				CODE_SIGN_STYLE = Automatic;
				DEVELOPMENT_TEAM = JY87QHRL3J;
				INFOPLIST_FILE = Un_RSOI_3/Info.plist;
				LD_RUNPATH_SEARCH_PATHS = (
					"$(inherited)",
					"@executable_path/Frameworks",
				);
				PRODUCT_BUNDLE_IDENTIFIER = "gordiig.Un-RSOI-3";
				PRODUCT_NAME = "$(TARGET_NAME)";
				SWIFT_VERSION = 5.0;
				TARGETED_DEVICE_FAMILY = "1,2";
			};
			name = Release;
		};
/* End XCBuildConfiguration section */

/* Begin XCConfigurationList section */
		13EF118A234DD4B400663B27 /* Build configuration list for PBXProject "Un_RSOI_3" */ = {
			isa = XCConfigurationList;
			buildConfigurations = (
				13EF11A1234DD4B700663B27 /* Debug */,
				13EF11A2234DD4B700663B27 /* Release */,
			);
			defaultConfigurationIsVisible = 0;
			defaultConfigurationName = Release;
		};
		13EF11A3234DD4B700663B27 /* Build configuration list for PBXNativeTarget "Un_RSOI_3" */ = {
			isa = XCConfigurationList;
			buildConfigurations = (
				13EF11A4234DD4B700663B27 /* Debug */,
				13EF11A5234DD4B700663B27 /* Release */,
			);
			defaultConfigurationIsVisible = 0;
			defaultConfigurationName = Release;
		};
/* End XCConfigurationList section */

/* Begin XCRemoteSwiftPackageReference section */
		135E0B3B234DDCCA0069A7D2 /* XCRemoteSwiftPackageReference "Alamofire" */ = {
			isa = XCRemoteSwiftPackageReference;
			repositoryURL = "https://github.com/Alamofire/Alamofire";
			requirement = {
				kind = upToNextMajorVersion;
				minimumVersion = 4.9.0;
			};
		};
/* End XCRemoteSwiftPackageReference section */

/* Begin XCSwiftPackageProductDependency section */
		135E0B3C234DDCCA0069A7D2 /* Alamofire */ = {
			isa = XCSwiftPackageProductDependency;
			package = 135E0B3B234DDCCA0069A7D2 /* XCRemoteSwiftPackageReference "Alamofire" */;
			productName = Alamofire;
		};
/* End XCSwiftPackageProductDependency section */
	};
	rootObject = 13EF1187234DD4B400663B27 /* Project object */;
}
